// !$*UTF8*$!
{
	archiveVersion = 1;
	classes = {
	};
	objectVersion = 46;
	objects = {

/* Begin PBXBuildFile section */
		F9F5BE961E7AF6C8004D60F4 /* main.m in Sources */ = {isa = PBXBuildFile; fileRef = F9F5BE951E7AF6C8004D60F4 /* main.m */; };
		F9F5BE991E7AF6C8004D60F4 /* AppDelegate.m in Sources */ = {isa = PBXBuildFile; fileRef = F9F5BE981E7AF6C8004D60F4 /* AppDelegate.m */; };
		F9F5BE9C1E7AF6C8004D60F4 /* ViewController.m in Sources */ = {isa = PBXBuildFile; fileRef = F9F5BE9B1E7AF6C8004D60F4 /* ViewController.m */; };
		F9F5BE9F1E7AF6C8004D60F4 /* Main.storyboard in Resources */ = {isa = PBXBuildFile; fileRef = F9F5BE9D1E7AF6C8004D60F4 /* Main.storyboard */; };
		F9F5BEA11E7AF6C8004D60F4 /* Assets.xcassets in Resources */ = {isa = PBXBuildFile; fileRef = F9F5BEA01E7AF6C8004D60F4 /* Assets.xcassets */; };
		F9F5BEA41E7AF6C8004D60F4 /* LaunchScreen.storyboard in Resources */ = {isa = PBXBuildFile; fileRef = F9F5BEA21E7AF6C8004D60F4 /* LaunchScreen.storyboard */; };
		F9F5BEAF1E7AF6C8004D60F4 /* _4_lecture_StringTests.m in Sources */ = {isa = PBXBuildFile; fileRef = F9F5BEAE1E7AF6C8004D60F4 /* _4_lecture_StringTests.m */; };
		F9F5BEBA1E7AF6C8004D60F4 /* _4_lecture_StringUITests.m in Sources */ = {isa = PBXBuildFile; fileRef = F9F5BEB91E7AF6C8004D60F4 /* _4_lecture_StringUITests.m */; };
/* End PBXBuildFile section */

/* Begin PBXContainerItemProxy section */
		F9F5BEAB1E7AF6C8004D60F4 /* PBXContainerItemProxy */ = {
			isa = PBXContainerItemProxy;
			containerPortal = F9F5BE891E7AF6C8004D60F4 /* Project object */;
			proxyType = 1;
			remoteGlobalIDString = F9F5BE901E7AF6C8004D60F4;
			remoteInfo = 14_lecture_String;
		};
		F9F5BEB61E7AF6C8004D60F4 /* PBXContainerItemProxy */ = {
			isa = PBXContainerItemProxy;
			containerPortal = F9F5BE891E7AF6C8004D60F4 /* Project object */;
			proxyType = 1;
			remoteGlobalIDString = F9F5BE901E7AF6C8004D60F4;
			remoteInfo = 14_lecture_String;
		};
/* End PBXContainerItemProxy section */

/* Begin PBXFileReference section */
		F9F5BE911E7AF6C8004D60F4 /* 14_lecture_String.app */ = {isa = PBXFileReference; explicitFileType = wrapper.application; includeInIndex = 0; path = 14_lecture_String.app; sourceTree = BUILT_PRODUCTS_DIR; };
		F9F5BE951E7AF6C8004D60F4 /* main.m */ = {isa = PBXFileReference; lastKnownFileType = sourcecode.c.objc; path = main.m; sourceTree = "<group>"; };
		F9F5BE971E7AF6C8004D60F4 /* AppDelegate.h */ = {isa = PBXFileReference; lastKnownFileType = sourcecode.c.h; path = AppDelegate.h; sourceTree = "<group>"; };
		F9F5BE981E7AF6C8004D60F4 /* AppDelegate.m */ = {isa = PBXFileReference; lastKnownFileType = sourcecode.c.objc; path = AppDelegate.m; sourceTree = "<group>"; };
		F9F5BE9A1E7AF6C8004D60F4 /* ViewController.h */ = {isa = PBXFileReference; lastKnownFileType = sourcecode.c.h; path = ViewController.h; sourceTree = "<group>"; };
		F9F5BE9B1E7AF6C8004D60F4 /* ViewController.m */ = {isa = PBXFileReference; lastKnownFileType = sourcecode.c.objc; path = ViewController.m; sourceTree = "<group>"; };
		F9F5BE9E1E7AF6C8004D60F4 /* Base */ = {isa = PBXFileReference; lastKnownFileType = file.storyboard; name = Base; path = Base.lproj/Main.storyboard; sourceTree = "<group>"; };
		F9F5BEA01E7AF6C8004D60F4 /* Assets.xcassets */ = {isa = PBXFileReference; lastKnownFileType = folder.assetcatalog; path = Assets.xcassets; sourceTree = "<group>"; };
		F9F5BEA31E7AF6C8004D60F4 /* Base */ = {isa = PBXFileReference; lastKnownFileType = file.storyboard; name = Base; path = Base.lproj/LaunchScreen.storyboard; sourceTree = "<group>"; };
		F9F5BEA51E7AF6C8004D60F4 /* Info.plist */ = {isa = PBXFileReference; lastKnownFileType = text.plist.xml; path = Info.plist; sourceTree = "<group>"; };
		F9F5BEAA1E7AF6C8004D60F4 /* 14_lecture_StringTests.xctest */ = {isa = PBXFileReference; explicitFileType = wrapper.cfbundle; includeInIndex = 0; path = 14_lecture_StringTests.xctest; sourceTree = BUILT_PRODUCTS_DIR; };
		F9F5BEAE1E7AF6C8004D60F4 /* _4_lecture_StringTests.m */ = {isa = PBXFileReference; lastKnownFileType = sourcecode.c.objc; path = _4_lecture_StringTests.m; sourceTree = "<group>"; };
		F9F5BEB01E7AF6C8004D60F4 /* Info.plist */ = {isa = PBXFileReference; lastKnownFileType = text.plist.xml; path = Info.plist; sourceTree = "<group>"; };
		F9F5BEB51E7AF6C8004D60F4 /* 14_lecture_StringUITests.xctest */ = {isa = PBXFileReference; explicitFileType = wrapper.cfbundle; includeInIndex = 0; path = 14_lecture_StringUITests.xctest; sourceTree = BUILT_PRODUCTS_DIR; };
		F9F5BEB91E7AF6C8004D60F4 /* _4_lecture_StringUITests.m */ = {isa = PBXFileReference; lastKnownFileType = sourcecode.c.objc; path = _4_lecture_StringUITests.m; sourceTree = "<group>"; };
		F9F5BEBB1E7AF6C8004D60F4 /* Info.plist */ = {isa = PBXFileReference; lastKnownFileType = text.plist.xml; path = Info.plist; sourceTree = "<group>"; };
/* End PBXFileReference section */

/* Begin PBXFrameworksBuildPhase section */
		F9F5BE8E1E7AF6C8004D60F4 /* Frameworks */ = {
			isa = PBXFrameworksBuildPhase;
			buildActionMask = 2147483647;
			files = (
			);
			runOnlyForDeploymentPostprocessing = 0;
		};
		F9F5BEA71E7AF6C8004D60F4 /* Frameworks */ = {
			isa = PBXFrameworksBuildPhase;
			buildActionMask = 2147483647;
			files = (
			);
			runOnlyForDeploymentPostprocessing = 0;
		};
		F9F5BEB21E7AF6C8004D60F4 /* Frameworks */ = {
			isa = PBXFrameworksBuildPhase;
			buildActionMask = 2147483647;
			files = (
			);
			runOnlyForDeploymentPostprocessing = 0;
		};
/* End PBXFrameworksBuildPhase section */

/* Begin PBXGroup section */
		F9F5BE881E7AF6C8004D60F4 = {
			isa = PBXGroup;
			children = (
				F9F5BE931E7AF6C8004D60F4 /* 14_lecture_String */,
				F9F5BEAD1E7AF6C8004D60F4 /* 14_lecture_StringTests */,
				F9F5BEB81E7AF6C8004D60F4 /* 14_lecture_StringUITests */,
				F9F5BE921E7AF6C8004D60F4 /* Products */,
			);
			sourceTree = "<group>";
		};
		F9F5BE921E7AF6C8004D60F4 /* Products */ = {
			isa = PBXGroup;
			children = (
				F9F5BE911E7AF6C8004D60F4 /* 14_lecture_String.app */,
				F9F5BEAA1E7AF6C8004D60F4 /* 14_lecture_StringTests.xctest */,
				F9F5BEB51E7AF6C8004D60F4 /* 14_lecture_StringUITests.xctest */,
			);
			name = Products;
			sourceTree = "<group>";
		};
		F9F5BE931E7AF6C8004D60F4 /* 14_lecture_String */ = {
			isa = PBXGroup;
			children = (
				F9F5BE971E7AF6C8004D60F4 /* AppDelegate.h */,
				F9F5BE981E7AF6C8004D60F4 /* AppDelegate.m */,
				F9F5BE9A1E7AF6C8004D60F4 /* ViewController.h */,
				F9F5BE9B1E7AF6C8004D60F4 /* ViewController.m */,
				F9F5BE9D1E7AF6C8004D60F4 /* Main.storyboard */,
				F9F5BEA01E7AF6C8004D60F4 /* Assets.xcassets */,
				F9F5BEA21E7AF6C8004D60F4 /* LaunchScreen.storyboard */,
				F9F5BEA51E7AF6C8004D60F4 /* Info.plist */,
				F9F5BE941E7AF6C8004D60F4 /* Supporting Files */,
			);
			path = 14_lecture_String;
			sourceTree = "<group>";
		};
		F9F5BE941E7AF6C8004D60F4 /* Supporting Files */ = {
			isa = PBXGroup;
			children = (
				F9F5BE951E7AF6C8004D60F4 /* main.m */,
			);
			name = "Supporting Files";
			sourceTree = "<group>";
		};
		F9F5BEAD1E7AF6C8004D60F4 /* 14_lecture_StringTests */ = {
			isa = PBXGroup;
			children = (
				F9F5BEAE1E7AF6C8004D60F4 /* _4_lecture_StringTests.m */,
				F9F5BEB01E7AF6C8004D60F4 /* Info.plist */,
			);
			path = 14_lecture_StringTests;
			sourceTree = "<group>";
		};
		F9F5BEB81E7AF6C8004D60F4 /* 14_lecture_StringUITests */ = {
			isa = PBXGroup;
			children = (
				F9F5BEB91E7AF6C8004D60F4 /* _4_lecture_StringUITests.m */,
				F9F5BEBB1E7AF6C8004D60F4 /* Info.plist */,
			);
			path = 14_lecture_StringUITests;
			sourceTree = "<group>";
		};
/* End PBXGroup section */

/* Begin PBXNativeTarget section */
		F9F5BE901E7AF6C8004D60F4 /* 14_lecture_String */ = {
			isa = PBXNativeTarget;
			buildConfigurationList = F9F5BEBE1E7AF6C8004D60F4 /* Build configuration list for PBXNativeTarget "14_lecture_String" */;
			buildPhases = (
				F9F5BE8D1E7AF6C8004D60F4 /* Sources */,
				F9F5BE8E1E7AF6C8004D60F4 /* Frameworks */,
				F9F5BE8F1E7AF6C8004D60F4 /* Resources */,
			);
			buildRules = (
			);
			dependencies = (
			);
			name = 14_lecture_String;
			productName = 14_lecture_String;
			productReference = F9F5BE911E7AF6C8004D60F4 /* 14_lecture_String.app */;
			productType = "com.apple.product-type.application";
		};
		F9F5BEA91E7AF6C8004D60F4 /* 14_lecture_StringTests */ = {
			isa = PBXNativeTarget;
			buildConfigurationList = F9F5BEC11E7AF6C8004D60F4 /* Build configuration list for PBXNativeTarget "14_lecture_StringTests" */;
			buildPhases = (
				F9F5BEA61E7AF6C8004D60F4 /* Sources */,
				F9F5BEA71E7AF6C8004D60F4 /* Frameworks */,
				F9F5BEA81E7AF6C8004D60F4 /* Resources */,
			);
			buildRules = (
			);
			dependencies = (
				F9F5BEAC1E7AF6C8004D60F4 /* PBXTargetDependency */,
			);
			name = 14_lecture_StringTests;
			productName = 14_lecture_StringTests;
			productReference = F9F5BEAA1E7AF6C8004D60F4 /* 14_lecture_StringTests.xctest */;
			productType = "com.apple.product-type.bundle.unit-test";
		};
		F9F5BEB41E7AF6C8004D60F4 /* 14_lecture_StringUITests */ = {
			isa = PBXNativeTarget;
			buildConfigurationList = F9F5BEC41E7AF6C8004D60F4 /* Build configuration list for PBXNativeTarget "14_lecture_StringUITests" */;
			buildPhases = (
				F9F5BEB11E7AF6C8004D60F4 /* Sources */,
				F9F5BEB21E7AF6C8004D60F4 /* Frameworks */,
				F9F5BEB31E7AF6C8004D60F4 /* Resources */,
			);
			buildRules = (
			);
			dependencies = (
				F9F5BEB71E7AF6C8004D60F4 /* PBXTargetDependency */,
			);
			name = 14_lecture_StringUITests;
			productName = 14_lecture_StringUITests;
			productReference = F9F5BEB51E7AF6C8004D60F4 /* 14_lecture_StringUITests.xctest */;
			productType = "com.apple.product-type.bundle.ui-testing";
		};
/* End PBXNativeTarget section */

/* Begin PBXProject section */
		F9F5BE891E7AF6C8004D60F4 /* Project object */ = {
			isa = PBXProject;
			attributes = {
				LastUpgradeCheck = 0820;
				ORGANIZATIONNAME = Slava;
				TargetAttributes = {
					F9F5BE901E7AF6C8004D60F4 = {
						CreatedOnToolsVersion = 8.2.1;
						ProvisioningStyle = Automatic;
					};
					F9F5BEA91E7AF6C8004D60F4 = {
						CreatedOnToolsVersion = 8.2.1;
						ProvisioningStyle = Automatic;
						TestTargetID = F9F5BE901E7AF6C8004D60F4;
					};
					F9F5BEB41E7AF6C8004D60F4 = {
						CreatedOnToolsVersion = 8.2.1;
						ProvisioningStyle = Automatic;
						TestTargetID = F9F5BE901E7AF6C8004D60F4;
					};
				};
			};
			buildConfigurationList = F9F5BE8C1E7AF6C8004D60F4 /* Build configuration list for PBXProject "14_lecture_String" */;
			compatibilityVersion = "Xcode 3.2";
			developmentRegion = English;
			hasScannedForEncodings = 0;
			knownRegions = (
				en,
				Base,
			);
			mainGroup = F9F5BE881E7AF6C8004D60F4;
			productRefGroup = F9F5BE921E7AF6C8004D60F4 /* Products */;
			projectDirPath = "";
			projectRoot = "";
			targets = (
				F9F5BE901E7AF6C8004D60F4 /* 14_lecture_String */,
				F9F5BEA91E7AF6C8004D60F4 /* 14_lecture_StringTests */,
				F9F5BEB41E7AF6C8004D60F4 /* 14_lecture_StringUITests */,
			);
		};
/* End PBXProject section */

/* Begin PBXResourcesBuildPhase section */
		F9F5BE8F1E7AF6C8004D60F4 /* Resources */ = {
			isa = PBXResourcesBuildPhase;
			buildActionMask = 2147483647;
			files = (
				F9F5BEA41E7AF6C8004D60F4 /* LaunchScreen.storyboard in Resources */,
				F9F5BEA11E7AF6C8004D60F4 /* Assets.xcassets in Resources */,
				F9F5BE9F1E7AF6C8004D60F4 /* Main.storyboard in Resources */,
			);
			runOnlyForDeploymentPostprocessing = 0;
		};
		F9F5BEA81E7AF6C8004D60F4 /* Resources */ = {
			isa = PBXResourcesBuildPhase;
			buildActionMask = 2147483647;
			files = (
			);
			runOnlyForDeploymentPostprocessing = 0;
		};
		F9F5BEB31E7AF6C8004D60F4 /* Resources */ = {
			isa = PBXResourcesBuildPhase;
			buildActionMask = 2147483647;
			files = (
			);
			runOnlyForDeploymentPostprocessing = 0;
		};
/* End PBXResourcesBuildPhase section */

/* Begin PBXSourcesBuildPhase section */
		F9F5BE8D1E7AF6C8004D60F4 /* Sources */ = {
			isa = PBXSourcesBuildPhase;
			buildActionMask = 2147483647;
			files = (
				F9F5BE9C1E7AF6C8004D60F4 /* ViewController.m in Sources */,
				F9F5BE991E7AF6C8004D60F4 /* AppDelegate.m in Sources */,
				F9F5BE961E7AF6C8004D60F4 /* main.m in Sources */,
			);
			runOnlyForDeploymentPostprocessing = 0;
		};
		F9F5BEA61E7AF6C8004D60F4 /* Sources */ = {
			isa = PBXSourcesBuildPhase;
			buildActionMask = 2147483647;
			files = (
				F9F5BEAF1E7AF6C8004D60F4 /* _4_lecture_StringTests.m in Sources */,
			);
			runOnlyForDeploymentPostprocessing = 0;
		};
		F9F5BEB11E7AF6C8004D60F4 /* Sources */ = {
			isa = PBXSourcesBuildPhase;
			buildActionMask = 2147483647;
			files = (
				F9F5BEBA1E7AF6C8004D60F4 /* _4_lecture_StringUITests.m in Sources */,
			);
			runOnlyForDeploymentPostprocessing = 0;
		};
/* End PBXSourcesBuildPhase section */

/* Begin PBXTargetDependency section */
		F9F5BEAC1E7AF6C8004D60F4 /* PBXTargetDependency */ = {
			isa = PBXTargetDependency;
			target = F9F5BE901E7AF6C8004D60F4 /* 14_lecture_String */;
			targetProxy = F9F5BEAB1E7AF6C8004D60F4 /* PBXContainerItemProxy */;
		};
		F9F5BEB71E7AF6C8004D60F4 /* PBXTargetDependency */ = {
			isa = PBXTargetDependency;
			target = F9F5BE901E7AF6C8004D60F4 /* 14_lecture_String */;
			targetProxy = F9F5BEB61E7AF6C8004D60F4 /* PBXContainerItemProxy */;
		};
/* End PBXTargetDependency section */

/* Begin PBXVariantGroup section */
		F9F5BE9D1E7AF6C8004D60F4 /* Main.storyboard */ = {
			isa = PBXVariantGroup;
			children = (
				F9F5BE9E1E7AF6C8004D60F4 /* Base */,
			);
			name = Main.storyboard;
			sourceTree = "<group>";
		};
		F9F5BEA21E7AF6C8004D60F4 /* LaunchScreen.storyboard */ = {
			isa = PBXVariantGroup;
			children = (
				F9F5BEA31E7AF6C8004D60F4 /* Base */,
			);
			name = LaunchScreen.storyboard;
			sourceTree = "<group>";
		};
/* End PBXVariantGroup section */

/* Begin XCBuildConfiguration section */
		F9F5BEBC1E7AF6C8004D60F4 /* Debug */ = {
			isa = XCBuildConfiguration;
			buildSettings = {
				ALWAYS_SEARCH_USER_PATHS = NO;
				CLANG_ANALYZER_NONNULL = YES;
				CLANG_CXX_LANGUAGE_STANDARD = "gnu++0x";
				CLANG_CXX_LIBRARY = "libc++";
				CLANG_ENABLE_MODULES = YES;
				CLANG_ENABLE_OBJC_ARC = YES;
				CLANG_WARN_BOOL_CONVERSION = YES;
				CLANG_WARN_CONSTANT_CONVERSION = YES;
				CLANG_WARN_DIRECT_OBJC_ISA_USAGE = YES_ERROR;
				CLANG_WARN_DOCUMENTATION_COMMENTS = YES;
				CLANG_WARN_EMPTY_BODY = YES;
				CLANG_WARN_ENUM_CONVERSION = YES;
				CLANG_WARN_INFINITE_RECURSION = YES;
				CLANG_WARN_INT_CONVERSION = YES;
				CLANG_WARN_OBJC_ROOT_CLASS = YES_ERROR;
				CLANG_WARN_SUSPICIOUS_MOVE = YES;
				CLANG_WARN_UNREACHABLE_CODE = YES;
				CLANG_WARN__DUPLICATE_METHOD_MATCH = YES;
				"CODE_SIGN_IDENTITY[sdk=iphoneos*]" = "iPhone Developer";
				COPY_PHASE_STRIP = NO;
				DEBUG_INFORMATION_FORMAT = dwarf;
				ENABLE_STRICT_OBJC_MSGSEND = YES;
				ENABLE_TESTABILITY = YES;
				GCC_C_LANGUAGE_STANDARD = gnu99;
				GCC_DYNAMIC_NO_PIC = NO;
				GCC_NO_COMMON_BLOCKS = YES;
				GCC_OPTIMIZATION_LEVEL = 0;
				GCC_PREPROCESSOR_DEFINITIONS = (
					"DEBUG=1",
					"$(inherited)",
				);
				GCC_WARN_64_TO_32_BIT_CONVERSION = YES;
				GCC_WARN_ABOUT_RETURN_TYPE = YES_ERROR;
				GCC_WARN_UNDECLARED_SELECTOR = YES;
				GCC_WARN_UNINITIALIZED_AUTOS = YES_AGGRESSIVE;
				GCC_WARN_UNUSED_FUNCTION = YES;
				GCC_WARN_UNUSED_VARIABLE = YES;
				IPHONEOS_DEPLOYMENT_TARGET = 10.2;
				MTL_ENABLE_DEBUG_INFO = YES;
				ONLY_ACTIVE_ARCH = YES;
				SDKROOT = iphoneos;
				TARGETED_DEVICE_FAMILY = "1,2";
			};
			name = Debug;
		};
		F9F5BEBD1E7AF6C8004D60F4 /* Release */ = {
			isa = XCBuildConfiguration;
			buildSettings = {
				ALWAYS_SEARCH_USER_PATHS = NO;
				CLANG_ANALYZER_NONNULL = YES;
				CLANG_CXX_LANGUAGE_STANDARD = "gnu++0x";
				CLANG_CXX_LIBRARY = "libc++";
				CLANG_ENABLE_MODULES = YES;
				CLANG_ENABLE_OBJC_ARC = YES;
				CLANG_WARN_BOOL_CONVERSION = YES;
				CLANG_WARN_CONSTANT_CONVERSION = YES;
				CLANG_WARN_DIRECT_OBJC_ISA_USAGE = YES_ERROR;
				CLANG_WARN_DOCUMENTATION_COMMENTS = YES;
				CLANG_WARN_EMPTY_BODY = YES;
				CLANG_WARN_ENUM_CONVERSION = YES;
				CLANG_WARN_INFINITE_RECURSION = YES;
				CLANG_WARN_INT_CONVERSION = YES;
				CLANG_WARN_OBJC_ROOT_CLASS = YES_ERROR;
				CLANG_WARN_SUSPICIOUS_MOVE = YES;
				CLANG_WARN_UNREACHABLE_CODE = YES;
				CLANG_WARN__DUPLICATE_METHOD_MATCH = YES;
				"CODE_SIGN_IDENTITY[sdk=iphoneos*]" = "iPhone Developer";
				COPY_PHASE_STRIP = NO;
				DEBUG_INFORMATION_FORMAT = "dwarf-with-dsym";
				ENABLE_NS_ASSERTIONS = NO;
				ENABLE_STRICT_OBJC_MSGSEND = YES;
				GCC_C_LANGUAGE_STANDARD = gnu99;
				GCC_NO_COMMON_BLOCKS = YES;
				GCC_WARN_64_TO_32_BIT_CONVERSION = YES;
				GCC_WARN_ABOUT_RETURN_TYPE = YES_ERROR;
				GCC_WARN_UNDECLARED_SELECTOR = YES;
				GCC_WARN_UNINITIALIZED_AUTOS = YES_AGGRESSIVE;
				GCC_WARN_UNUSED_FUNCTION = YES;
				GCC_WARN_UNUSED_VARIABLE = YES;
				IPHONEOS_DEPLOYMENT_TARGET = 10.2;
				MTL_ENABLE_DEBUG_INFO = NO;
				SDKROOT = iphoneos;
				TARGETED_DEVICE_FAMILY = "1,2";
				VALIDATE_PRODUCT = YES;
			};
			name = Release;
		};
		F9F5BEBF1E7AF6C8004D60F4 /* Debug */ = {
			isa = XCBuildConfiguration;
			buildSettings = {
				ASSETCATALOG_COMPILER_APPICON_NAME = AppIcon;
				INFOPLIST_FILE = 14_lecture_String/Info.plist;
				LD_RUNPATH_SEARCH_PATHS = "$(inherited) @executable_path/Frameworks";
				PRODUCT_BUNDLE_IDENTIFIER = "com.slavchik.-4-lecture-String";
				PRODUCT_NAME = "$(TARGET_NAME)";
			};
			name = Debug;
		};
		F9F5BEC01E7AF6C8004D60F4 /* Release */ = {
			isa = XCBuildConfiguration;
			buildSettings = {
				ASSETCATALOG_COMPILER_APPICON_NAME = AppIcon;
				INFOPLIST_FILE = 14_lecture_String/Info.plist;
				LD_RUNPATH_SEARCH_PATHS = "$(inherited) @executable_path/Frameworks";
				PRODUCT_BUNDLE_IDENTIFIER = "com.slavchik.-4-lecture-String";
				PRODUCT_NAME = "$(TARGET_NAME)";
			};
			name = Release;
		};
		F9F5BEC21E7AF6C8004D60F4 /* Debug */ = {
			isa = XCBuildConfiguration;
			buildSettings = {
				BUNDLE_LOADER = "$(TEST_HOST)";
				INFOPLIST_FILE = 14_lecture_StringTests/Info.plist;
				LD_RUNPATH_SEARCH_PATHS = "$(inherited) @executable_path/Frameworks @loader_path/Frameworks";
				PRODUCT_BUNDLE_IDENTIFIER = "com.slavchik.-4-lecture-StringTests";
				PRODUCT_NAME = "$(TARGET_NAME)";
				TEST_HOST = "$(BUILT_PRODUCTS_DIR)/14_lecture_String.app/14_lecture_String";
			};
			name = Debug;
		};
		F9F5BEC31E7AF6C8004D60F4 /* Release */ = {
			isa = XCBuildConfiguration;
			buildSettings = {
				BUNDLE_LOADER = "$(TEST_HOST)";
				INFOPLIST_FILE = 14_lecture_StringTests/Info.plist;
				LD_RUNPATH_SEARCH_PATHS = "$(inherited) @executable_path/Frameworks @loader_path/Frameworks";
				PRODUCT_BUNDLE_IDENTIFIER = "com.slavchik.-4-lecture-StringTests";
				PRODUCT_NAME = "$(TARGET_NAME)";
				TEST_HOST = "$(BUILT_PRODUCTS_DIR)/14_lecture_String.app/14_lecture_String";
			};
			name = Release;
		};
		F9F5BEC51E7AF6C8004D60F4 /* Debug */ = {
			isa = XCBuildConfiguration;
			buildSettings = {
				INFOPLIST_FILE = 14_lecture_StringUITests/Info.plist;
				LD_RUNPATH_SEARCH_PATHS = "$(inherited) @executable_path/Frameworks @loader_path/Frameworks";
				PRODUCT_BUNDLE_IDENTIFIER = "com.slavchik.-4-lecture-StringUITests";
				PRODUCT_NAME = "$(TARGET_NAME)";
				TEST_TARGET_NAME = 14_lecture_String;
			};
			name = Debug;
		};
		F9F5BEC61E7AF6C8004D60F4 /* Release */ = {
			isa = XCBuildConfiguration;
			buildSettings = {
				INFOPLIST_FILE = 14_lecture_StringUITests/Info.plist;
				LD_RUNPATH_SEARCH_PATHS = "$(inherited) @executable_path/Frameworks @loader_path/Frameworks";
				PRODUCT_BUNDLE_IDENTIFIER = "com.slavchik.-4-lecture-StringUITests";
				PRODUCT_NAME = "$(TARGET_NAME)";
				TEST_TARGET_NAME = 14_lecture_String;
			};
			name = Release;
		};
/* End XCBuildConfiguration section */

/* Begin XCConfigurationList section */
		F9F5BE8C1E7AF6C8004D60F4 /* Build configuration list for PBXProject "14_lecture_String" */ = {
			isa = XCConfigurationList;
			buildConfigurations = (
				F9F5BEBC1E7AF6C8004D60F4 /* Debug */,
				F9F5BEBD1E7AF6C8004D60F4 /* Release */,
			);
			defaultConfigurationIsVisible = 0;
			defaultConfigurationName = Release;
		};
		F9F5BEBE1E7AF6C8004D60F4 /* Build configuration list for PBXNativeTarget "14_lecture_String" */ = {
			isa = XCConfigurationList;
			buildConfigurations = (
				F9F5BEBF1E7AF6C8004D60F4 /* Debug */,
				F9F5BEC01E7AF6C8004D60F4 /* Release */,
			);
			defaultConfigurationIsVisible = 0;
		};
		F9F5BEC11E7AF6C8004D60F4 /* Build configuration list for PBXNativeTarget "14_lecture_StringTests" */ = {
			isa = XCConfigurationList;
			buildConfigurations = (
				F9F5BEC21E7AF6C8004D60F4 /* Debug */,
				F9F5BEC31E7AF6C8004D60F4 /* Release */,
			);
			defaultConfigurationIsVisible = 0;
		};
		F9F5BEC41E7AF6C8004D60F4 /* Build configuration list for PBXNativeTarget "14_lecture_StringUITests" */ = {
			isa = XCConfigurationList;
			buildConfigurations = (
				F9F5BEC51E7AF6C8004D60F4 /* Debug */,
				F9F5BEC61E7AF6C8004D60F4 /* Release */,
			);
			defaultConfigurationIsVisible = 0;
		};
/* End XCConfigurationList section */
	};
	rootObject = F9F5BE891E7AF6C8004D60F4 /* Project object */;
}
